Microsoft Visual Studio Solution File, Format Version 12.00
# Visual Studio Version 17
VisualStudioVersion = 17.5.2.0
MinimumVisualStudioVersion = 10.0.40219.1
Project("{FAE04EC0-301F-11D3-BF4B-00C04F79EFBC}") = "Cinema-Api", "Cinema-Api v3\Cinema-Api.csproj", "{916375EA-F4E1-D99A-5582-774A3006ACA1}"
EndProject
Global
	GlobalSection(SolutionConfigurationPlatforms) = preSolution
		Debug|Any CPU = Debug|Any CPU
		Release|Any CPU = Release|Any CPU
	EndGlobalSection
	GlobalSection(ProjectConfigurationPlatforms) = postSolution
		{916375EA-F4E1-D99A-5582-774A3006ACA1}.Debug|Any CPU.ActiveCfg = Debug|Any CPU
		{916375EA-F4E1-D99A-5582-774A3006ACA1}.Debug|Any CPU.Build.0 = Debug|Any CPU
		{916375EA-F4E1-D99A-5582-774A3006ACA1}.Release|Any CPU.ActiveCfg = Release|Any CPU
		{916375EA-F4E1-D99A-5582-774A3006ACA1}.Release|Any CPU.Build.0 = Release|Any CPU
	EndGlobalSection
	GlobalSection(SolutionProperties) = preSolution
		HideSolutionNode = FALSE
	EndGlobalSection
	GlobalSection(ExtensibilityGlobals) = postSolution
		SolutionGuid = {CC645F8F-AC78-4B28-8C56-45B679842CE2}
	EndGlobalSection
EndGlobal
